
Microsoft Visual Studio Solution File, Format Version 12.00
# Visual Studio Version 17
VisualStudioVersion = 17.8.34330.188
MinimumVisualStudioVersion = 10.0.40219.1
Project("{FAE04EC0-301F-11D3-BF4B-00C04F79EFBC}") = "usersManagmentApplication.Server", "usersManagmentApplication.Server\usersManagmentApplication.Server.csproj", "{5F81996A-F6EE-4EF2-AB80-5E2BC28DB133}"
EndProject
Project("{54A90642-561A-4BB1-A94E-469ADEE60C69}") = "usersmanagmentapplication.client", "usersmanagmentapplication.client\usersmanagmentapplication.client.esproj", "{F18212BC-8031-4AF7-AF0E-E8788E08287D}"
EndProject
Global
	GlobalSection(SolutionConfigurationPlatforms) = preSolution
		Debug|Any CPU = Debug|Any CPU
		Release|Any CPU = Release|Any CPU
	EndGlobalSection
	GlobalSection(ProjectConfigurationPlatforms) = postSolution
		{5F81996A-F6EE-4EF2-AB80-5E2BC28DB133}.Debug|Any CPU.ActiveCfg = Debug|Any CPU
		{5F81996A-F6EE-4EF2-AB80-5E2BC28DB133}.Debug|Any CPU.Build.0 = Debug|Any CPU
		{5F81996A-F6EE-4EF2-AB80-5E2BC28DB133}.Release|Any CPU.ActiveCfg = Release|Any CPU
		{5F81996A-F6EE-4EF2-AB80-5E2BC28DB133}.Release|Any CPU.Build.0 = Release|Any CPU
		{F18212BC-8031-4AF7-AF0E-E8788E08287D}.Debug|Any CPU.ActiveCfg = Debug|Any CPU
		{F18212BC-8031-4AF7-AF0E-E8788E08287D}.Debug|Any CPU.Build.0 = Debug|Any CPU
		{F18212BC-8031-4AF7-AF0E-E8788E08287D}.Debug|Any CPU.Deploy.0 = Debug|Any CPU
		{F18212BC-8031-4AF7-AF0E-E8788E08287D}.Release|Any CPU.ActiveCfg = Release|Any CPU
		{F18212BC-8031-4AF7-AF0E-E8788E08287D}.Release|Any CPU.Build.0 = Release|Any CPU
		{F18212BC-8031-4AF7-AF0E-E8788E08287D}.Release|Any CPU.Deploy.0 = Release|Any CPU
	EndGlobalSection
	GlobalSection(SolutionProperties) = preSolution
		HideSolutionNode = FALSE
	EndGlobalSection
	GlobalSection(ExtensibilityGlobals) = postSolution
		SolutionGuid = {499CC5D3-6241-42B4-BF74-7B0030B7B276}
	EndGlobalSection
EndGlobal
